
Microsoft Visual Studio Solution File, Format Version 12.00
# Visual Studio 15
VisualStudioVersion = 15.0.28307.705
MinimumVisualStudioVersion = 10.0.40219.1
Project("{FAE04EC0-301F-11D3-BF4B-00C04F79EFBC}") = "Matrix", "Matrix\Matrix.csproj", "{42748515-5CAB-4547-BBCB-C374F4A28AED}"
EndProject
Global
	GlobalSection(SolutionConfigurationPlatforms) = preSolution
		Debug|Any CPU = Debug|Any CPU
		Release|Any CPU = Release|Any CPU
	EndGlobalSection
	GlobalSection(ProjectConfigurationPlatforms) = postSolution
		{42748515-5CAB-4547-BBCB-C374F4A28AED}.Debug|Any CPU.ActiveCfg = Debug|Any CPU
		{42748515-5CAB-4547-BBCB-C374F4A28AED}.Debug|Any CPU.Build.0 = Debug|Any CPU
		{42748515-5CAB-4547-BBCB-C374F4A28AED}.Release|Any CPU.ActiveCfg = Release|Any CPU
		{42748515-5CAB-4547-BBCB-C374F4A28AED}.Release|Any CPU.Build.0 = Release|Any CPU
	EndGlobalSection
	GlobalSection(SolutionProperties) = preSolution
		HideSolutionNode = FALSE
	EndGlobalSection
	GlobalSection(ExtensibilityGlobals) = postSolution
		SolutionGuid = {EB2F735B-58D2-44C9-B142-38E18766B6F9}
	EndGlobalSection
EndGlobal
